
Microsoft Visual Studio Solution File, Format Version 12.00
# Visual Studio 15
VisualStudioVersion = 15.0.26730.12
MinimumVisualStudioVersion = 10.0.40219.1
Project("{FAE04EC0-301F-11D3-BF4B-00C04F79EFBC}") = "Page376v2", "Page376v2\Page376v2.csproj", "{B8DDE240-81A2-48C2-8F18-F37A83FCD7FF}"
EndProject
Global
	GlobalSection(SolutionConfigurationPlatforms) = preSolution
		Debug|Any CPU = Debug|Any CPU
		Release|Any CPU = Release|Any CPU
	EndGlobalSection
	GlobalSection(ProjectConfigurationPlatforms) = postSolution
		{B8DDE240-81A2-48C2-8F18-F37A83FCD7FF}.Debug|Any CPU.ActiveCfg = Debug|Any CPU
		{B8DDE240-81A2-48C2-8F18-F37A83FCD7FF}.Debug|Any CPU.Build.0 = Debug|Any CPU
		{B8DDE240-81A2-48C2-8F18-F37A83FCD7FF}.Release|Any CPU.ActiveCfg = Release|Any CPU
		{B8DDE240-81A2-48C2-8F18-F37A83FCD7FF}.Release|Any CPU.Build.0 = Release|Any CPU
	EndGlobalSection
	GlobalSection(SolutionProperties) = preSolution
		HideSolutionNode = FALSE
	EndGlobalSection
	GlobalSection(ExtensibilityGlobals) = postSolution
		SolutionGuid = {B06E4012-B786-4708-A4B0-C370BD5EB8F0}
	EndGlobalSection
EndGlobal
